
Microsoft Visual Studio Solution File, Format Version 12.00
# Visual Studio Version 17
VisualStudioVersion = 17.11.35222.181
MinimumVisualStudioVersion = 10.0.40219.1
Project("{8BC9CEB8-8B4A-11D0-8D11-00A0C91BC942}") = "лабраторная №3", "лабраторная №3\лабраторная №3.vcxproj", "{2504715F-3B8F-41BD-8386-AD362B1F2706}"
EndProject
Global
	GlobalSection(SolutionConfigurationPlatforms) = preSolution
		Debug|x64 = Debug|x64
		Debug|x86 = Debug|x86
		Release|x64 = Release|x64
		Release|x86 = Release|x86
	EndGlobalSection
	GlobalSection(ProjectConfigurationPlatforms) = postSolution
		{2504715F-3B8F-41BD-8386-AD362B1F2706}.Debug|x64.ActiveCfg = Debug|x64
		{2504715F-3B8F-41BD-8386-AD362B1F2706}.Debug|x64.Build.0 = Debug|x64
		{2504715F-3B8F-41BD-8386-AD362B1F2706}.Debug|x86.ActiveCfg = Debug|Win32
		{2504715F-3B8F-41BD-8386-AD362B1F2706}.Debug|x86.Build.0 = Debug|Win32
		{2504715F-3B8F-41BD-8386-AD362B1F2706}.Release|x64.ActiveCfg = Release|x64
		{2504715F-3B8F-41BD-8386-AD362B1F2706}.Release|x64.Build.0 = Release|x64
		{2504715F-3B8F-41BD-8386-AD362B1F2706}.Release|x86.ActiveCfg = Release|Win32
		{2504715F-3B8F-41BD-8386-AD362B1F2706}.Release|x86.Build.0 = Release|Win32
	EndGlobalSection
	GlobalSection(SolutionProperties) = preSolution
		HideSolutionNode = FALSE
	EndGlobalSection
	GlobalSection(ExtensibilityGlobals) = postSolution
		SolutionGuid = {86A0FFA4-65AF-4D59-B8CB-8DF4E34DB0B8}
	EndGlobalSection
EndGlobal
